
Microsoft Visual Studio Solution File, Format Version 12.00
# Visual Studio 15
VisualStudioVersion = 15.0.28010.2036
MinimumVisualStudioVersion = 10.0.40219.1
Project("{FAE04EC0-301F-11D3-BF4B-00C04F79EFBC}") = "CSharpHomework3Module08", "CSharpHomework3Module08\CSharpHomework3Module08.csproj", "{B99477B9-57A1-4E1F-82DE-744EC8E21319}"
EndProject
Global
	GlobalSection(SolutionConfigurationPlatforms) = preSolution
		Debug|Any CPU = Debug|Any CPU
		Release|Any CPU = Release|Any CPU
	EndGlobalSection
	GlobalSection(ProjectConfigurationPlatforms) = postSolution
		{B99477B9-57A1-4E1F-82DE-744EC8E21319}.Debug|Any CPU.ActiveCfg = Debug|Any CPU
		{B99477B9-57A1-4E1F-82DE-744EC8E21319}.Debug|Any CPU.Build.0 = Debug|Any CPU
		{B99477B9-57A1-4E1F-82DE-744EC8E21319}.Release|Any CPU.ActiveCfg = Release|Any CPU
		{B99477B9-57A1-4E1F-82DE-744EC8E21319}.Release|Any CPU.Build.0 = Release|Any CPU
	EndGlobalSection
	GlobalSection(SolutionProperties) = preSolution
		HideSolutionNode = FALSE
	EndGlobalSection
	GlobalSection(ExtensibilityGlobals) = postSolution
		SolutionGuid = {D3C78F23-E6DA-4534-A80B-E2A6483E4A08}
	EndGlobalSection
EndGlobal
